
Microsoft Visual Studio Solution File, Format Version 12.00
# Visual Studio 15
VisualStudioVersion = 15.0.27004.2005
MinimumVisualStudioVersion = 10.0.40219.1
Project("{FAE04EC0-301F-11D3-BF4B-00C04F79EFBC}") = "RomansShop.WebApi", "RomansShop.WebApi\RomansShop.WebApi.csproj", "{23AFE9A5-531E-4283-B93C-7B63130503B9}"
EndProject
Project("{FAE04EC0-301F-11D3-BF4B-00C04F79EFBC}") = "RomansShop.DataAccess", "RomansShop.DataAccess\RomansShop.DataAccess.csproj", "{476CD416-2A39-48A6-893E-F6F88C5EED5B}"
EndProject
Project("{FAE04EC0-301F-11D3-BF4B-00C04F79EFBC}") = "RomansShop.Domain", "RomansShop.Domain\RomansShop.Domain.csproj", "{9990A2C9-B80A-4CC6-A57A-7A318D9F303E}"
EndProject
Project("{FAE04EC0-301F-11D3-BF4B-00C04F79EFBC}") = "RomansShop.Services", "RomansShop.Services\RomansShop.Services.csproj", "{4033C0B4-D8E7-4067-BECC-21BA9389CA09}"
EndProject
Project("{FAE04EC0-301F-11D3-BF4B-00C04F79EFBC}") = "RomansShop.Tests", "RomansShop.Tests\RomansShop.Tests.csproj", "{C7BE7CB0-5457-4746-A702-E90342B49C5C}"
EndProject
Global
	GlobalSection(SolutionConfigurationPlatforms) = preSolution
		Debug|Any CPU = Debug|Any CPU
		Release|Any CPU = Release|Any CPU
	EndGlobalSection
	GlobalSection(ProjectConfigurationPlatforms) = postSolution
		{23AFE9A5-531E-4283-B93C-7B63130503B9}.Debug|Any CPU.ActiveCfg = Debug|Any CPU
		{23AFE9A5-531E-4283-B93C-7B63130503B9}.Debug|Any CPU.Build.0 = Debug|Any CPU
		{23AFE9A5-531E-4283-B93C-7B63130503B9}.Release|Any CPU.ActiveCfg = Release|Any CPU
		{23AFE9A5-531E-4283-B93C-7B63130503B9}.Release|Any CPU.Build.0 = Release|Any CPU
		{476CD416-2A39-48A6-893E-F6F88C5EED5B}.Debug|Any CPU.ActiveCfg = Debug|Any CPU
		{476CD416-2A39-48A6-893E-F6F88C5EED5B}.Debug|Any CPU.Build.0 = Debug|Any CPU
		{476CD416-2A39-48A6-893E-F6F88C5EED5B}.Release|Any CPU.ActiveCfg = Release|Any CPU
		{476CD416-2A39-48A6-893E-F6F88C5EED5B}.Release|Any CPU.Build.0 = Release|Any CPU
		{9990A2C9-B80A-4CC6-A57A-7A318D9F303E}.Debug|Any CPU.ActiveCfg = Debug|Any CPU
		{9990A2C9-B80A-4CC6-A57A-7A318D9F303E}.Debug|Any CPU.Build.0 = Debug|Any CPU
		{9990A2C9-B80A-4CC6-A57A-7A318D9F303E}.Release|Any CPU.ActiveCfg = Release|Any CPU
		{9990A2C9-B80A-4CC6-A57A-7A318D9F303E}.Release|Any CPU.Build.0 = Release|Any CPU
		{4033C0B4-D8E7-4067-BECC-21BA9389CA09}.Debug|Any CPU.ActiveCfg = Debug|Any CPU
		{4033C0B4-D8E7-4067-BECC-21BA9389CA09}.Debug|Any CPU.Build.0 = Debug|Any CPU
		{4033C0B4-D8E7-4067-BECC-21BA9389CA09}.Release|Any CPU.ActiveCfg = Release|Any CPU
		{4033C0B4-D8E7-4067-BECC-21BA9389CA09}.Release|Any CPU.Build.0 = Release|Any CPU
		{C7BE7CB0-5457-4746-A702-E90342B49C5C}.Debug|Any CPU.ActiveCfg = Debug|Any CPU
		{C7BE7CB0-5457-4746-A702-E90342B49C5C}.Debug|Any CPU.Build.0 = Debug|Any CPU
		{C7BE7CB0-5457-4746-A702-E90342B49C5C}.Release|Any CPU.ActiveCfg = Release|Any CPU
		{C7BE7CB0-5457-4746-A702-E90342B49C5C}.Release|Any CPU.Build.0 = Release|Any CPU
	EndGlobalSection
	GlobalSection(SolutionProperties) = preSolution
		HideSolutionNode = FALSE
	EndGlobalSection
	GlobalSection(ExtensibilityGlobals) = postSolution
		SolutionGuid = {933249DC-3DBD-4FD5-9B46-52FCF09AB552}
	EndGlobalSection
EndGlobal
